
Microsoft Visual Studio Solution File, Format Version 12.00
# Visual Studio Version 17
VisualStudioVersion = 17.0.32014.148
MinimumVisualStudioVersion = 10.0.40219.1
Project("{9A19103F-16F7-4668-BE54-9A1E7A4F7556}") = "Socket", "Server\Socket.csproj", "{08CA1AB4-C8A1-49CA-B7D2-E3E395FF005F}"
EndProject
Project("{9A19103F-16F7-4668-BE54-9A1E7A4F7556}") = "ServerRun", "ServerRun\ServerRun.csproj", "{3CA3E107-900D-45E5-9420-8DAA7A429C29}"
	ProjectSection(ProjectDependencies) = postProject
		{9B892694-C9A0-471A-B07F-15E96F5A7929} = {9B892694-C9A0-471A-B07F-15E96F5A7929}
	EndProjectSection
EndProject
Project("{9A19103F-16F7-4668-BE54-9A1E7A4F7556}") = "ClientTest", "ClientTest\ClientTest.csproj", "{F74C9E51-482F-4204-A687-C87FC5E3515F}"
EndProject
Project("{9A19103F-16F7-4668-BE54-9A1E7A4F7556}") = "Packet", "Packet\Packet.csproj", "{0B4C6D14-F954-4E75-90D3-93AA6C296155}"
EndProject
Project("{9A19103F-16F7-4668-BE54-9A1E7A4F7556}") = "Simpleconsole", "Simpleconsole\Simpleconsole.csproj", "{764DC691-4B4F-413D-A752-1D81656D5A04}"
	ProjectSection(ProjectDependencies) = postProject
		{9B892694-C9A0-471A-B07F-15E96F5A7929} = {9B892694-C9A0-471A-B07F-15E96F5A7929}
	EndProjectSection
EndProject
Project("{9A19103F-16F7-4668-BE54-9A1E7A4F7556}") = "Performance", "Performance\Performance.csproj", "{650760F6-C6CD-4B8C-81EC-DFCE11BF5F32}"
EndProject
Project("{9A19103F-16F7-4668-BE54-9A1E7A4F7556}") = "ThreadPool", "ThreadPool\ThreadPool.csproj", "{9B892694-C9A0-471A-B07F-15E96F5A7929}"
EndProject
Project("{9A19103F-16F7-4668-BE54-9A1E7A4F7556}") = "StaticDataViewModel", "StaticDataViewModel\StaticDataViewModel.csproj", "{3C910A8C-2D33-42AA-8894-9D5989C33C38}"
EndProject
Project("{9A19103F-16F7-4668-BE54-9A1E7A4F7556}") = "StaticData", "StaticData\StaticData.csproj", "{31C071C9-84F7-4883-A2CF-808B09C91DDE}"
EndProject
Project("{9A19103F-16F7-4668-BE54-9A1E7A4F7556}") = "StaticDataWindow.Core", "StaticDataWindow\StaticDataWindow.Core.csproj", "{AEDAF585-37D4-4938-93B3-6899FB122BB7}"
EndProject
Project("{8BC9CEB8-8B4A-11D0-8D11-00A0C91BC942}") = "module", "module\module.vcxproj", "{A5FA0E07-3D5F-4698-B01B-8B4871046A77}"
EndProject
Project("{2150E333-8FDC-42A3-9474-1A3956D46DE8}") = "Run", "Run", "{CACDFEAE-600F-4D20-95EE-E34A19A203FE}"
EndProject
Project("{2150E333-8FDC-42A3-9474-1A3956D46DE8}") = "study", "study", "{C35DBF01-CDC5-4760-A5C1-36520EFC08FB}"
EndProject
Project("{2150E333-8FDC-42A3-9474-1A3956D46DE8}") = "Core", "Core", "{5C2E0598-D511-4FCF-A8BD-DF5371753046}"
EndProject
Project("{2150E333-8FDC-42A3-9474-1A3956D46DE8}") = "Core", "Core", "{E305F644-08EB-4A97-A833-8FA5D19FCA64}"
EndProject
Project("{2150E333-8FDC-42A3-9474-1A3956D46DE8}") = "Test", "Test", "{B6C1F830-99C5-4FA3-BED3-9BD46AE32295}"
EndProject
Project("{9A19103F-16F7-4668-BE54-9A1E7A4F7556}") = "TestRun", "TestRun\TestRun.csproj", "{1DF237D2-78F9-4D83-9673-FCDAD3CE4E72}"
EndProject
Project("{9A19103F-16F7-4668-BE54-9A1E7A4F7556}") = "Run", "Test\Run\Run.csproj", "{56F7886F-5745-4B0E-BFDA-81369B464CDA}"
EndProject
Project("{2150E333-8FDC-42A3-9474-1A3956D46DE8}") = "TestRun", "TestRun", "{0F155BA1-28F3-4DAD-9860-55FB58DDA3AB}"
EndProject
Project("{9A19103F-16F7-4668-BE54-9A1E7A4F7556}") = "SocketServerTest", "SocketServerTest\SocketServerTest.csproj", "{096915AE-B62C-4F39-A5EB-AFC3127C50AF}"
EndProject
Project("{FAE04EC0-301F-11D3-BF4B-00C04F79EFBC}") = "BlazorApp1.Server", "study\BlazorApp1\Server\BlazorApp1.Server.csproj", "{789180A5-6507-4CD2-B456-07473DD208CF}"
EndProject
Project("{FAE04EC0-301F-11D3-BF4B-00C04F79EFBC}") = "BlazorApp1.Client", "study\BlazorApp1\Client\BlazorApp1.Client.csproj", "{5138F91C-9A17-43CF-988E-A16AB3CBB299}"
EndProject
Project("{FAE04EC0-301F-11D3-BF4B-00C04F79EFBC}") = "BlazorApp1.Shared", "study\BlazorApp1\Shared\BlazorApp1.Shared.csproj", "{BCE6956A-FF03-41D6-B1D5-029C8E7B752E}"
EndProject
Global
	GlobalSection(SolutionConfigurationPlatforms) = preSolution
		Debug|Any CPU = Debug|Any CPU
		Debug|x64 = Debug|x64
		Debug|x86 = Debug|x86
		Release|Any CPU = Release|Any CPU
		Release|x64 = Release|x64
		Release|x86 = Release|x86
	EndGlobalSection
	GlobalSection(ProjectConfigurationPlatforms) = postSolution
		{08CA1AB4-C8A1-49CA-B7D2-E3E395FF005F}.Debug|Any CPU.ActiveCfg = Debug|Any CPU
		{08CA1AB4-C8A1-49CA-B7D2-E3E395FF005F}.Debug|Any CPU.Build.0 = Debug|Any CPU
		{08CA1AB4-C8A1-49CA-B7D2-E3E395FF005F}.Debug|x64.ActiveCfg = Debug|x64
		{08CA1AB4-C8A1-49CA-B7D2-E3E395FF005F}.Debug|x64.Build.0 = Debug|x64
		{08CA1AB4-C8A1-49CA-B7D2-E3E395FF005F}.Debug|x86.ActiveCfg = Debug|x64
		{08CA1AB4-C8A1-49CA-B7D2-E3E395FF005F}.Debug|x86.Build.0 = Debug|x64
		{08CA1AB4-C8A1-49CA-B7D2-E3E395FF005F}.Release|Any CPU.ActiveCfg = Release|Any CPU
		{08CA1AB4-C8A1-49CA-B7D2-E3E395FF005F}.Release|Any CPU.Build.0 = Release|Any CPU
		{08CA1AB4-C8A1-49CA-B7D2-E3E395FF005F}.Release|x64.ActiveCfg = Release|x64
		{08CA1AB4-C8A1-49CA-B7D2-E3E395FF005F}.Release|x64.Build.0 = Release|x64
		{08CA1AB4-C8A1-49CA-B7D2-E3E395FF005F}.Release|x86.ActiveCfg = Release|x86
		{08CA1AB4-C8A1-49CA-B7D2-E3E395FF005F}.Release|x86.Build.0 = Release|x86
		{3CA3E107-900D-45E5-9420-8DAA7A429C29}.Debug|Any CPU.ActiveCfg = Debug|Any CPU
		{3CA3E107-900D-45E5-9420-8DAA7A429C29}.Debug|Any CPU.Build.0 = Debug|Any CPU
		{3CA3E107-900D-45E5-9420-8DAA7A429C29}.Debug|x64.ActiveCfg = Debug|Any CPU
		{3CA3E107-900D-45E5-9420-8DAA7A429C29}.Debug|x64.Build.0 = Debug|Any CPU
		{3CA3E107-900D-45E5-9420-8DAA7A429C29}.Debug|x86.ActiveCfg = Debug|Any CPU
		{3CA3E107-900D-45E5-9420-8DAA7A429C29}.Debug|x86.Build.0 = Debug|Any CPU
		{3CA3E107-900D-45E5-9420-8DAA7A429C29}.Release|Any CPU.ActiveCfg = Release|Any CPU
		{3CA3E107-900D-45E5-9420-8DAA7A429C29}.Release|Any CPU.Build.0 = Release|Any CPU
		{3CA3E107-900D-45E5-9420-8DAA7A429C29}.Release|x64.ActiveCfg = Release|Any CPU
		{3CA3E107-900D-45E5-9420-8DAA7A429C29}.Release|x64.Build.0 = Release|Any CPU
		{3CA3E107-900D-45E5-9420-8DAA7A429C29}.Release|x86.ActiveCfg = Release|Any CPU
		{3CA3E107-900D-45E5-9420-8DAA7A429C29}.Release|x86.Build.0 = Release|Any CPU
		{F74C9E51-482F-4204-A687-C87FC5E3515F}.Debug|Any CPU.ActiveCfg = Debug|Any CPU
		{F74C9E51-482F-4204-A687-C87FC5E3515F}.Debug|Any CPU.Build.0 = Debug|Any CPU
		{F74C9E51-482F-4204-A687-C87FC5E3515F}.Debug|x64.ActiveCfg = Debug|Any CPU
		{F74C9E51-482F-4204-A687-C87FC5E3515F}.Debug|x64.Build.0 = Debug|Any CPU
		{F74C9E51-482F-4204-A687-C87FC5E3515F}.Debug|x86.ActiveCfg = Debug|Any CPU
		{F74C9E51-482F-4204-A687-C87FC5E3515F}.Debug|x86.Build.0 = Debug|Any CPU
		{F74C9E51-482F-4204-A687-C87FC5E3515F}.Release|Any CPU.ActiveCfg = Release|Any CPU
		{F74C9E51-482F-4204-A687-C87FC5E3515F}.Release|Any CPU.Build.0 = Release|Any CPU
		{F74C9E51-482F-4204-A687-C87FC5E3515F}.Release|x64.ActiveCfg = Release|Any CPU
		{F74C9E51-482F-4204-A687-C87FC5E3515F}.Release|x64.Build.0 = Release|Any CPU
		{F74C9E51-482F-4204-A687-C87FC5E3515F}.Release|x86.ActiveCfg = Release|Any CPU
		{F74C9E51-482F-4204-A687-C87FC5E3515F}.Release|x86.Build.0 = Release|Any CPU
		{0B4C6D14-F954-4E75-90D3-93AA6C296155}.Debug|Any CPU.ActiveCfg = Debug|Any CPU
		{0B4C6D14-F954-4E75-90D3-93AA6C296155}.Debug|Any CPU.Build.0 = Debug|Any CPU
		{0B4C6D14-F954-4E75-90D3-93AA6C296155}.Debug|x64.ActiveCfg = Debug|Any CPU
		{0B4C6D14-F954-4E75-90D3-93AA6C296155}.Debug|x64.Build.0 = Debug|Any CPU
		{0B4C6D14-F954-4E75-90D3-93AA6C296155}.Debug|x86.ActiveCfg = Debug|Any CPU
		{0B4C6D14-F954-4E75-90D3-93AA6C296155}.Debug|x86.Build.0 = Debug|Any CPU
		{0B4C6D14-F954-4E75-90D3-93AA6C296155}.Release|Any CPU.ActiveCfg = Release|Any CPU
		{0B4C6D14-F954-4E75-90D3-93AA6C296155}.Release|Any CPU.Build.0 = Release|Any CPU
		{0B4C6D14-F954-4E75-90D3-93AA6C296155}.Release|x64.ActiveCfg = Release|Any CPU
		{0B4C6D14-F954-4E75-90D3-93AA6C296155}.Release|x64.Build.0 = Release|Any CPU
		{0B4C6D14-F954-4E75-90D3-93AA6C296155}.Release|x86.ActiveCfg = Release|Any CPU
		{0B4C6D14-F954-4E75-90D3-93AA6C296155}.Release|x86.Build.0 = Release|Any CPU
		{764DC691-4B4F-413D-A752-1D81656D5A04}.Debug|Any CPU.ActiveCfg = Debug|Any CPU
		{764DC691-4B4F-413D-A752-1D81656D5A04}.Debug|Any CPU.Build.0 = Debug|Any CPU
		{764DC691-4B4F-413D-A752-1D81656D5A04}.Debug|x64.ActiveCfg = Debug|Any CPU
		{764DC691-4B4F-413D-A752-1D81656D5A04}.Debug|x64.Build.0 = Debug|Any CPU
		{764DC691-4B4F-413D-A752-1D81656D5A04}.Debug|x86.ActiveCfg = Debug|Any CPU
		{764DC691-4B4F-413D-A752-1D81656D5A04}.Debug|x86.Build.0 = Debug|Any CPU
		{764DC691-4B4F-413D-A752-1D81656D5A04}.Release|Any CPU.ActiveCfg = Release|Any CPU
		{764DC691-4B4F-413D-A752-1D81656D5A04}.Release|Any CPU.Build.0 = Release|Any CPU
		{764DC691-4B4F-413D-A752-1D81656D5A04}.Release|x64.ActiveCfg = Release|Any CPU
		{764DC691-4B4F-413D-A752-1D81656D5A04}.Release|x64.Build.0 = Release|Any CPU
		{764DC691-4B4F-413D-A752-1D81656D5A04}.Release|x86.ActiveCfg = Release|Any CPU
		{764DC691-4B4F-413D-A752-1D81656D5A04}.Release|x86.Build.0 = Release|Any CPU
		{650760F6-C6CD-4B8C-81EC-DFCE11BF5F32}.Debug|Any CPU.ActiveCfg = Debug|Any CPU
		{650760F6-C6CD-4B8C-81EC-DFCE11BF5F32}.Debug|Any CPU.Build.0 = Debug|Any CPU
		{650760F6-C6CD-4B8C-81EC-DFCE11BF5F32}.Debug|x64.ActiveCfg = Debug|Any CPU
		{650760F6-C6CD-4B8C-81EC-DFCE11BF5F32}.Debug|x64.Build.0 = Debug|Any CPU
		{650760F6-C6CD-4B8C-81EC-DFCE11BF5F32}.Debug|x86.ActiveCfg = Debug|Any CPU
		{650760F6-C6CD-4B8C-81EC-DFCE11BF5F32}.Debug|x86.Build.0 = Debug|Any CPU
		{650760F6-C6CD-4B8C-81EC-DFCE11BF5F32}.Release|Any CPU.ActiveCfg = Release|Any CPU
		{650760F6-C6CD-4B8C-81EC-DFCE11BF5F32}.Release|Any CPU.Build.0 = Release|Any CPU
		{650760F6-C6CD-4B8C-81EC-DFCE11BF5F32}.Release|x64.ActiveCfg = Release|Any CPU
		{650760F6-C6CD-4B8C-81EC-DFCE11BF5F32}.Release|x64.Build.0 = Release|Any CPU
		{650760F6-C6CD-4B8C-81EC-DFCE11BF5F32}.Release|x86.ActiveCfg = Release|Any CPU
		{650760F6-C6CD-4B8C-81EC-DFCE11BF5F32}.Release|x86.Build.0 = Release|Any CPU
		{9B892694-C9A0-471A-B07F-15E96F5A7929}.Debug|Any CPU.ActiveCfg = Debug|Any CPU
		{9B892694-C9A0-471A-B07F-15E96F5A7929}.Debug|Any CPU.Build.0 = Debug|Any CPU
		{9B892694-C9A0-471A-B07F-15E96F5A7929}.Debug|x64.ActiveCfg = Debug|Any CPU
		{9B892694-C9A0-471A-B07F-15E96F5A7929}.Debug|x64.Build.0 = Debug|Any CPU
		{9B892694-C9A0-471A-B07F-15E96F5A7929}.Debug|x86.ActiveCfg = Debug|Any CPU
		{9B892694-C9A0-471A-B07F-15E96F5A7929}.Debug|x86.Build.0 = Debug|Any CPU
		{9B892694-C9A0-471A-B07F-15E96F5A7929}.Release|Any CPU.ActiveCfg = Release|Any CPU
		{9B892694-C9A0-471A-B07F-15E96F5A7929}.Release|Any CPU.Build.0 = Release|Any CPU
		{9B892694-C9A0-471A-B07F-15E96F5A7929}.Release|x64.ActiveCfg = Release|Any CPU
		{9B892694-C9A0-471A-B07F-15E96F5A7929}.Release|x64.Build.0 = Release|Any CPU
		{9B892694-C9A0-471A-B07F-15E96F5A7929}.Release|x86.ActiveCfg = Release|Any CPU
		{9B892694-C9A0-471A-B07F-15E96F5A7929}.Release|x86.Build.0 = Release|Any CPU
		{3C910A8C-2D33-42AA-8894-9D5989C33C38}.Debug|Any CPU.ActiveCfg = Debug|Any CPU
		{3C910A8C-2D33-42AA-8894-9D5989C33C38}.Debug|Any CPU.Build.0 = Debug|Any CPU
		{3C910A8C-2D33-42AA-8894-9D5989C33C38}.Debug|x64.ActiveCfg = Debug|Any CPU
		{3C910A8C-2D33-42AA-8894-9D5989C33C38}.Debug|x64.Build.0 = Debug|Any CPU
		{3C910A8C-2D33-42AA-8894-9D5989C33C38}.Debug|x86.ActiveCfg = Debug|Any CPU
		{3C910A8C-2D33-42AA-8894-9D5989C33C38}.Debug|x86.Build.0 = Debug|Any CPU
		{3C910A8C-2D33-42AA-8894-9D5989C33C38}.Release|Any CPU.ActiveCfg = Release|Any CPU
		{3C910A8C-2D33-42AA-8894-9D5989C33C38}.Release|Any CPU.Build.0 = Release|Any CPU
		{3C910A8C-2D33-42AA-8894-9D5989C33C38}.Release|x64.ActiveCfg = Release|Any CPU
		{3C910A8C-2D33-42AA-8894-9D5989C33C38}.Release|x64.Build.0 = Release|Any CPU
		{3C910A8C-2D33-42AA-8894-9D5989C33C38}.Release|x86.ActiveCfg = Release|Any CPU
		{3C910A8C-2D33-42AA-8894-9D5989C33C38}.Release|x86.Build.0 = Release|Any CPU
		{31C071C9-84F7-4883-A2CF-808B09C91DDE}.Debug|Any CPU.ActiveCfg = Debug|Any CPU
		{31C071C9-84F7-4883-A2CF-808B09C91DDE}.Debug|Any CPU.Build.0 = Debug|Any CPU
		{31C071C9-84F7-4883-A2CF-808B09C91DDE}.Debug|x64.ActiveCfg = Debug|Any CPU
		{31C071C9-84F7-4883-A2CF-808B09C91DDE}.Debug|x64.Build.0 = Debug|Any CPU
		{31C071C9-84F7-4883-A2CF-808B09C91DDE}.Debug|x86.ActiveCfg = Debug|Any CPU
		{31C071C9-84F7-4883-A2CF-808B09C91DDE}.Debug|x86.Build.0 = Debug|Any CPU
		{31C071C9-84F7-4883-A2CF-808B09C91DDE}.Release|Any CPU.ActiveCfg = Release|Any CPU
		{31C071C9-84F7-4883-A2CF-808B09C91DDE}.Release|Any CPU.Build.0 = Release|Any CPU
		{31C071C9-84F7-4883-A2CF-808B09C91DDE}.Release|x64.ActiveCfg = Release|Any CPU
		{31C071C9-84F7-4883-A2CF-808B09C91DDE}.Release|x64.Build.0 = Release|Any CPU
		{31C071C9-84F7-4883-A2CF-808B09C91DDE}.Release|x86.ActiveCfg = Release|Any CPU
		{31C071C9-84F7-4883-A2CF-808B09C91DDE}.Release|x86.Build.0 = Release|Any CPU
		{AEDAF585-37D4-4938-93B3-6899FB122BB7}.Debug|Any CPU.ActiveCfg = Debug|Any CPU
		{AEDAF585-37D4-4938-93B3-6899FB122BB7}.Debug|Any CPU.Build.0 = Debug|Any CPU
		{AEDAF585-37D4-4938-93B3-6899FB122BB7}.Debug|x64.ActiveCfg = Debug|Any CPU
		{AEDAF585-37D4-4938-93B3-6899FB122BB7}.Debug|x64.Build.0 = Debug|Any CPU
		{AEDAF585-37D4-4938-93B3-6899FB122BB7}.Debug|x86.ActiveCfg = Debug|Any CPU
		{AEDAF585-37D4-4938-93B3-6899FB122BB7}.Debug|x86.Build.0 = Debug|Any CPU
		{AEDAF585-37D4-4938-93B3-6899FB122BB7}.Release|Any CPU.ActiveCfg = Release|Any CPU
		{AEDAF585-37D4-4938-93B3-6899FB122BB7}.Release|Any CPU.Build.0 = Release|Any CPU
		{AEDAF585-37D4-4938-93B3-6899FB122BB7}.Release|x64.ActiveCfg = Release|Any CPU
		{AEDAF585-37D4-4938-93B3-6899FB122BB7}.Release|x64.Build.0 = Release|Any CPU
		{AEDAF585-37D4-4938-93B3-6899FB122BB7}.Release|x86.ActiveCfg = Release|Any CPU
		{AEDAF585-37D4-4938-93B3-6899FB122BB7}.Release|x86.Build.0 = Release|Any CPU
		{A5FA0E07-3D5F-4698-B01B-8B4871046A77}.Debug|Any CPU.ActiveCfg = Debug|Win32
		{A5FA0E07-3D5F-4698-B01B-8B4871046A77}.Debug|x64.ActiveCfg = Debug|x64
		{A5FA0E07-3D5F-4698-B01B-8B4871046A77}.Debug|x64.Build.0 = Debug|x64
		{A5FA0E07-3D5F-4698-B01B-8B4871046A77}.Debug|x86.ActiveCfg = Debug|Win32
		{A5FA0E07-3D5F-4698-B01B-8B4871046A77}.Debug|x86.Build.0 = Debug|Win32
		{A5FA0E07-3D5F-4698-B01B-8B4871046A77}.Release|Any CPU.ActiveCfg = Release|Win32
		{A5FA0E07-3D5F-4698-B01B-8B4871046A77}.Release|x64.ActiveCfg = Release|x64
		{A5FA0E07-3D5F-4698-B01B-8B4871046A77}.Release|x64.Build.0 = Release|x64
		{A5FA0E07-3D5F-4698-B01B-8B4871046A77}.Release|x86.ActiveCfg = Release|Win32
		{A5FA0E07-3D5F-4698-B01B-8B4871046A77}.Release|x86.Build.0 = Release|Win32
		{1DF237D2-78F9-4D83-9673-FCDAD3CE4E72}.Debug|Any CPU.ActiveCfg = Debug|Any CPU
		{1DF237D2-78F9-4D83-9673-FCDAD3CE4E72}.Debug|Any CPU.Build.0 = Debug|Any CPU
		{1DF237D2-78F9-4D83-9673-FCDAD3CE4E72}.Debug|x64.ActiveCfg = Debug|Any CPU
		{1DF237D2-78F9-4D83-9673-FCDAD3CE4E72}.Debug|x64.Build.0 = Debug|Any CPU
		{1DF237D2-78F9-4D83-9673-FCDAD3CE4E72}.Debug|x86.ActiveCfg = Debug|Any CPU
		{1DF237D2-78F9-4D83-9673-FCDAD3CE4E72}.Debug|x86.Build.0 = Debug|Any CPU
		{1DF237D2-78F9-4D83-9673-FCDAD3CE4E72}.Release|Any CPU.ActiveCfg = Release|Any CPU
		{1DF237D2-78F9-4D83-9673-FCDAD3CE4E72}.Release|Any CPU.Build.0 = Release|Any CPU
		{1DF237D2-78F9-4D83-9673-FCDAD3CE4E72}.Release|x64.ActiveCfg = Release|Any CPU
		{1DF237D2-78F9-4D83-9673-FCDAD3CE4E72}.Release|x64.Build.0 = Release|Any CPU
		{1DF237D2-78F9-4D83-9673-FCDAD3CE4E72}.Release|x86.ActiveCfg = Release|Any CPU
		{1DF237D2-78F9-4D83-9673-FCDAD3CE4E72}.Release|x86.Build.0 = Release|Any CPU
		{56F7886F-5745-4B0E-BFDA-81369B464CDA}.Debug|Any CPU.ActiveCfg = Debug|Any CPU
		{56F7886F-5745-4B0E-BFDA-81369B464CDA}.Debug|Any CPU.Build.0 = Debug|Any CPU
		{56F7886F-5745-4B0E-BFDA-81369B464CDA}.Debug|x64.ActiveCfg = Debug|Any CPU
		{56F7886F-5745-4B0E-BFDA-81369B464CDA}.Debug|x64.Build.0 = Debug|Any CPU
		{56F7886F-5745-4B0E-BFDA-81369B464CDA}.Debug|x86.ActiveCfg = Debug|Any CPU
		{56F7886F-5745-4B0E-BFDA-81369B464CDA}.Debug|x86.Build.0 = Debug|Any CPU
		{56F7886F-5745-4B0E-BFDA-81369B464CDA}.Release|Any CPU.ActiveCfg = Release|Any CPU
		{56F7886F-5745-4B0E-BFDA-81369B464CDA}.Release|Any CPU.Build.0 = Release|Any CPU
		{56F7886F-5745-4B0E-BFDA-81369B464CDA}.Release|x64.ActiveCfg = Release|Any CPU
		{56F7886F-5745-4B0E-BFDA-81369B464CDA}.Release|x64.Build.0 = Release|Any CPU
		{56F7886F-5745-4B0E-BFDA-81369B464CDA}.Release|x86.ActiveCfg = Release|Any CPU
		{56F7886F-5745-4B0E-BFDA-81369B464CDA}.Release|x86.Build.0 = Release|Any CPU
		{096915AE-B62C-4F39-A5EB-AFC3127C50AF}.Debug|Any CPU.ActiveCfg = Debug|Any CPU
		{096915AE-B62C-4F39-A5EB-AFC3127C50AF}.Debug|Any CPU.Build.0 = Debug|Any CPU
		{096915AE-B62C-4F39-A5EB-AFC3127C50AF}.Debug|x64.ActiveCfg = Debug|Any CPU
		{096915AE-B62C-4F39-A5EB-AFC3127C50AF}.Debug|x64.Build.0 = Debug|Any CPU
		{096915AE-B62C-4F39-A5EB-AFC3127C50AF}.Debug|x86.ActiveCfg = Debug|Any CPU
		{096915AE-B62C-4F39-A5EB-AFC3127C50AF}.Debug|x86.Build.0 = Debug|Any CPU
		{096915AE-B62C-4F39-A5EB-AFC3127C50AF}.Release|Any CPU.ActiveCfg = Release|Any CPU
		{096915AE-B62C-4F39-A5EB-AFC3127C50AF}.Release|Any CPU.Build.0 = Release|Any CPU
		{096915AE-B62C-4F39-A5EB-AFC3127C50AF}.Release|x64.ActiveCfg = Release|Any CPU
		{096915AE-B62C-4F39-A5EB-AFC3127C50AF}.Release|x64.Build.0 = Release|Any CPU
		{096915AE-B62C-4F39-A5EB-AFC3127C50AF}.Release|x86.ActiveCfg = Release|Any CPU
		{096915AE-B62C-4F39-A5EB-AFC3127C50AF}.Release|x86.Build.0 = Release|Any CPU
		{789180A5-6507-4CD2-B456-07473DD208CF}.Debug|Any CPU.ActiveCfg = Debug|Any CPU
		{789180A5-6507-4CD2-B456-07473DD208CF}.Debug|Any CPU.Build.0 = Debug|Any CPU
		{789180A5-6507-4CD2-B456-07473DD208CF}.Debug|x64.ActiveCfg = Debug|Any CPU
		{789180A5-6507-4CD2-B456-07473DD208CF}.Debug|x64.Build.0 = Debug|Any CPU
		{789180A5-6507-4CD2-B456-07473DD208CF}.Debug|x86.ActiveCfg = Debug|Any CPU
		{789180A5-6507-4CD2-B456-07473DD208CF}.Debug|x86.Build.0 = Debug|Any CPU
		{789180A5-6507-4CD2-B456-07473DD208CF}.Release|Any CPU.ActiveCfg = Release|Any CPU
		{789180A5-6507-4CD2-B456-07473DD208CF}.Release|Any CPU.Build.0 = Release|Any CPU
		{789180A5-6507-4CD2-B456-07473DD208CF}.Release|x64.ActiveCfg = Release|Any CPU
		{789180A5-6507-4CD2-B456-07473DD208CF}.Release|x64.Build.0 = Release|Any CPU
		{789180A5-6507-4CD2-B456-07473DD208CF}.Release|x86.ActiveCfg = Release|Any CPU
		{789180A5-6507-4CD2-B456-07473DD208CF}.Release|x86.Build.0 = Release|Any CPU
		{5138F91C-9A17-43CF-988E-A16AB3CBB299}.Debug|Any CPU.ActiveCfg = Debug|Any CPU
		{5138F91C-9A17-43CF-988E-A16AB3CBB299}.Debug|Any CPU.Build.0 = Debug|Any CPU
		{5138F91C-9A17-43CF-988E-A16AB3CBB299}.Debug|x64.ActiveCfg = Debug|Any CPU
		{5138F91C-9A17-43CF-988E-A16AB3CBB299}.Debug|x64.Build.0 = Debug|Any CPU
		{5138F91C-9A17-43CF-988E-A16AB3CBB299}.Debug|x86.ActiveCfg = Debug|Any CPU
		{5138F91C-9A17-43CF-988E-A16AB3CBB299}.Debug|x86.Build.0 = Debug|Any CPU
		{5138F91C-9A17-43CF-988E-A16AB3CBB299}.Release|Any CPU.ActiveCfg = Release|Any CPU
		{5138F91C-9A17-43CF-988E-A16AB3CBB299}.Release|Any CPU.Build.0 = Release|Any CPU
		{5138F91C-9A17-43CF-988E-A16AB3CBB299}.Release|x64.ActiveCfg = Release|Any CPU
		{5138F91C-9A17-43CF-988E-A16AB3CBB299}.Release|x64.Build.0 = Release|Any CPU
		{5138F91C-9A17-43CF-988E-A16AB3CBB299}.Release|x86.ActiveCfg = Release|Any CPU
		{5138F91C-9A17-43CF-988E-A16AB3CBB299}.Release|x86.Build.0 = Release|Any CPU
		{BCE6956A-FF03-41D6-B1D5-029C8E7B752E}.Debug|Any CPU.ActiveCfg = Debug|Any CPU
		{BCE6956A-FF03-41D6-B1D5-029C8E7B752E}.Debug|Any CPU.Build.0 = Debug|Any CPU
		{BCE6956A-FF03-41D6-B1D5-029C8E7B752E}.Debug|x64.ActiveCfg = Debug|Any CPU
		{BCE6956A-FF03-41D6-B1D5-029C8E7B752E}.Debug|x64.Build.0 = Debug|Any CPU
		{BCE6956A-FF03-41D6-B1D5-029C8E7B752E}.Debug|x86.ActiveCfg = Debug|Any CPU
		{BCE6956A-FF03-41D6-B1D5-029C8E7B752E}.Debug|x86.Build.0 = Debug|Any CPU
		{BCE6956A-FF03-41D6-B1D5-029C8E7B752E}.Release|Any CPU.ActiveCfg = Release|Any CPU
		{BCE6956A-FF03-41D6-B1D5-029C8E7B752E}.Release|Any CPU.Build.0 = Release|Any CPU
		{BCE6956A-FF03-41D6-B1D5-029C8E7B752E}.Release|x64.ActiveCfg = Release|Any CPU
		{BCE6956A-FF03-41D6-B1D5-029C8E7B752E}.Release|x64.Build.0 = Release|Any CPU
		{BCE6956A-FF03-41D6-B1D5-029C8E7B752E}.Release|x86.ActiveCfg = Release|Any CPU
		{BCE6956A-FF03-41D6-B1D5-029C8E7B752E}.Release|x86.Build.0 = Release|Any CPU
	EndGlobalSection
	GlobalSection(SolutionProperties) = preSolution
		HideSolutionNode = FALSE
	EndGlobalSection
	GlobalSection(NestedProjects) = preSolution
		{08CA1AB4-C8A1-49CA-B7D2-E3E395FF005F} = {5C2E0598-D511-4FCF-A8BD-DF5371753046}
		{3CA3E107-900D-45E5-9420-8DAA7A429C29} = {CACDFEAE-600F-4D20-95EE-E34A19A203FE}
		{F74C9E51-482F-4204-A687-C87FC5E3515F} = {CACDFEAE-600F-4D20-95EE-E34A19A203FE}
		{0B4C6D14-F954-4E75-90D3-93AA6C296155} = {E305F644-08EB-4A97-A833-8FA5D19FCA64}
		{764DC691-4B4F-413D-A752-1D81656D5A04} = {C35DBF01-CDC5-4760-A5C1-36520EFC08FB}
		{650760F6-C6CD-4B8C-81EC-DFCE11BF5F32} = {5C2E0598-D511-4FCF-A8BD-DF5371753046}
		{9B892694-C9A0-471A-B07F-15E96F5A7929} = {5C2E0598-D511-4FCF-A8BD-DF5371753046}
		{A5FA0E07-3D5F-4698-B01B-8B4871046A77} = {C35DBF01-CDC5-4760-A5C1-36520EFC08FB}
		{E305F644-08EB-4A97-A833-8FA5D19FCA64} = {CACDFEAE-600F-4D20-95EE-E34A19A203FE}
		{1DF237D2-78F9-4D83-9673-FCDAD3CE4E72} = {B6C1F830-99C5-4FA3-BED3-9BD46AE32295}
		{56F7886F-5745-4B0E-BFDA-81369B464CDA} = {B6C1F830-99C5-4FA3-BED3-9BD46AE32295}
		{0F155BA1-28F3-4DAD-9860-55FB58DDA3AB} = {CACDFEAE-600F-4D20-95EE-E34A19A203FE}
		{096915AE-B62C-4F39-A5EB-AFC3127C50AF} = {0F155BA1-28F3-4DAD-9860-55FB58DDA3AB}
		{789180A5-6507-4CD2-B456-07473DD208CF} = {C35DBF01-CDC5-4760-A5C1-36520EFC08FB}
		{5138F91C-9A17-43CF-988E-A16AB3CBB299} = {C35DBF01-CDC5-4760-A5C1-36520EFC08FB}
		{BCE6956A-FF03-41D6-B1D5-029C8E7B752E} = {C35DBF01-CDC5-4760-A5C1-36520EFC08FB}
	EndGlobalSection
	GlobalSection(ExtensibilityGlobals) = postSolution
		SolutionGuid = {9C30AAE1-D4DF-431D-8A1C-387728983136}
	EndGlobalSection
EndGlobal
