
Microsoft Visual Studio Solution File, Format Version 12.00
# Visual Studio Version 16
VisualStudioVersion = 16.0.30114.105
MinimumVisualStudioVersion = 10.0.40219.1
Project("{9A19103F-16F7-4668-BE54-9A1E7A4F7556}") = "Socket", "Server\Socket.csproj", "{08CA1AB4-C8A1-49CA-B7D2-E3E395FF005F}"
EndProject
Project("{9A19103F-16F7-4668-BE54-9A1E7A4F7556}") = "ServerRun", "ServerRun\ServerRun.csproj", "{3CA3E107-900D-45E5-9420-8DAA7A429C29}"
	ProjectSection(ProjectDependencies) = postProject
		{9B892694-C9A0-471A-B07F-15E96F5A7929} = {9B892694-C9A0-471A-B07F-15E96F5A7929}
	EndProjectSection
EndProject
Project("{9A19103F-16F7-4668-BE54-9A1E7A4F7556}") = "ClientTest", "ClientTest\ClientTest.csproj", "{F74C9E51-482F-4204-A687-C87FC5E3515F}"
EndProject
Project("{9A19103F-16F7-4668-BE54-9A1E7A4F7556}") = "Packet", "Packet\Packet.csproj", "{0B4C6D14-F954-4E75-90D3-93AA6C296155}"
EndProject
Project("{9A19103F-16F7-4668-BE54-9A1E7A4F7556}") = "Simpleconsole", "Simpleconsole\Simpleconsole.csproj", "{764DC691-4B4F-413D-A752-1D81656D5A04}"
	ProjectSection(ProjectDependencies) = postProject
		{9B892694-C9A0-471A-B07F-15E96F5A7929} = {9B892694-C9A0-471A-B07F-15E96F5A7929}
	EndProjectSection
EndProject
Project("{9A19103F-16F7-4668-BE54-9A1E7A4F7556}") = "Performance", "Performance\Performance.csproj", "{650760F6-C6CD-4B8C-81EC-DFCE11BF5F32}"
EndProject
Project("{9A19103F-16F7-4668-BE54-9A1E7A4F7556}") = "ThreadPool", "ThreadPool\ThreadPool.csproj", "{9B892694-C9A0-471A-B07F-15E96F5A7929}"
EndProject
Project("{9A19103F-16F7-4668-BE54-9A1E7A4F7556}") = "StaticDataViewModel", "StaticDataViewModel\StaticDataViewModel.csproj", "{3C910A8C-2D33-42AA-8894-9D5989C33C38}"
EndProject
Project("{9A19103F-16F7-4668-BE54-9A1E7A4F7556}") = "StaticData", "StaticData\StaticData.csproj", "{31C071C9-84F7-4883-A2CF-808B09C91DDE}"
EndProject
Project("{9A19103F-16F7-4668-BE54-9A1E7A4F7556}") = "StaticDataWindow.Core", "StaticDataWindow\StaticDataWindow.Core.csproj", "{AEDAF585-37D4-4938-93B3-6899FB122BB7}"
EndProject
Project("{8BC9CEB8-8B4A-11D0-8D11-00A0C91BC942}") = "module", "module\module.vcxproj", "{A5FA0E07-3D5F-4698-B01B-8B4871046A77}"
EndProject
Global
	GlobalSection(SolutionConfigurationPlatforms) = preSolution
		Debug|Any CPU = Debug|Any CPU
		Debug|x64 = Debug|x64
		Debug|x86 = Debug|x86
		Release|Any CPU = Release|Any CPU
		Release|x64 = Release|x64
		Release|x86 = Release|x86
	EndGlobalSection
	GlobalSection(ProjectConfigurationPlatforms) = postSolution
		{08CA1AB4-C8A1-49CA-B7D2-E3E395FF005F}.Debug|Any CPU.ActiveCfg = Debug|Any CPU
		{08CA1AB4-C8A1-49CA-B7D2-E3E395FF005F}.Debug|Any CPU.Build.0 = Debug|Any CPU
		{08CA1AB4-C8A1-49CA-B7D2-E3E395FF005F}.Debug|x64.ActiveCfg = Debug|x64
		{08CA1AB4-C8A1-49CA-B7D2-E3E395FF005F}.Debug|x64.Build.0 = Debug|x64
		{08CA1AB4-C8A1-49CA-B7D2-E3E395FF005F}.Debug|x86.ActiveCfg = Debug|x64
		{08CA1AB4-C8A1-49CA-B7D2-E3E395FF005F}.Debug|x86.Build.0 = Debug|x64
		{08CA1AB4-C8A1-49CA-B7D2-E3E395FF005F}.Release|Any CPU.ActiveCfg = Release|Any CPU
		{08CA1AB4-C8A1-49CA-B7D2-E3E395FF005F}.Release|Any CPU.Build.0 = Release|Any CPU
		{08CA1AB4-C8A1-49CA-B7D2-E3E395FF005F}.Release|x64.ActiveCfg = Release|x64
		{08CA1AB4-C8A1-49CA-B7D2-E3E395FF005F}.Release|x64.Build.0 = Release|x64
		{08CA1AB4-C8A1-49CA-B7D2-E3E395FF005F}.Release|x86.ActiveCfg = Release|x86
		{08CA1AB4-C8A1-49CA-B7D2-E3E395FF005F}.Release|x86.Build.0 = Release|x86
		{3CA3E107-900D-45E5-9420-8DAA7A429C29}.Debug|Any CPU.ActiveCfg = Debug|Any CPU
		{3CA3E107-900D-45E5-9420-8DAA7A429C29}.Debug|Any CPU.Build.0 = Debug|Any CPU
		{3CA3E107-900D-45E5-9420-8DAA7A429C29}.Debug|x64.ActiveCfg = Debug|Any CPU
		{3CA3E107-900D-45E5-9420-8DAA7A429C29}.Debug|x64.Build.0 = Debug|Any CPU
		{3CA3E107-900D-45E5-9420-8DAA7A429C29}.Debug|x86.ActiveCfg = Debug|Any CPU
		{3CA3E107-900D-45E5-9420-8DAA7A429C29}.Debug|x86.Build.0 = Debug|Any CPU
		{3CA3E107-900D-45E5-9420-8DAA7A429C29}.Release|Any CPU.ActiveCfg = Release|Any CPU
		{3CA3E107-900D-45E5-9420-8DAA7A429C29}.Release|Any CPU.Build.0 = Release|Any CPU
		{3CA3E107-900D-45E5-9420-8DAA7A429C29}.Release|x64.ActiveCfg = Release|Any CPU
		{3CA3E107-900D-45E5-9420-8DAA7A429C29}.Release|x64.Build.0 = Release|Any CPU
		{3CA3E107-900D-45E5-9420-8DAA7A429C29}.Release|x86.ActiveCfg = Release|Any CPU
		{3CA3E107-900D-45E5-9420-8DAA7A429C29}.Release|x86.Build.0 = Release|Any CPU
		{F74C9E51-482F-4204-A687-C87FC5E3515F}.Debug|Any CPU.ActiveCfg = Debug|Any CPU
		{F74C9E51-482F-4204-A687-C87FC5E3515F}.Debug|Any CPU.Build.0 = Debug|Any CPU
		{F74C9E51-482F-4204-A687-C87FC5E3515F}.Debug|x64.ActiveCfg = Debug|Any CPU
		{F74C9E51-482F-4204-A687-C87FC5E3515F}.Debug|x64.Build.0 = Debug|Any CPU
		{F74C9E51-482F-4204-A687-C87FC5E3515F}.Debug|x86.ActiveCfg = Debug|Any CPU
		{F74C9E51-482F-4204-A687-C87FC5E3515F}.Debug|x86.Build.0 = Debug|Any CPU
		{F74C9E51-482F-4204-A687-C87FC5E3515F}.Release|Any CPU.ActiveCfg = Release|Any CPU
		{F74C9E51-482F-4204-A687-C87FC5E3515F}.Release|Any CPU.Build.0 = Release|Any CPU
		{F74C9E51-482F-4204-A687-C87FC5E3515F}.Release|x64.ActiveCfg = Release|Any CPU
		{F74C9E51-482F-4204-A687-C87FC5E3515F}.Release|x64.Build.0 = Release|Any CPU
		{F74C9E51-482F-4204-A687-C87FC5E3515F}.Release|x86.ActiveCfg = Release|Any CPU
		{F74C9E51-482F-4204-A687-C87FC5E3515F}.Release|x86.Build.0 = Release|Any CPU
		{0B4C6D14-F954-4E75-90D3-93AA6C296155}.Debug|Any CPU.ActiveCfg = Debug|Any CPU
		{0B4C6D14-F954-4E75-90D3-93AA6C296155}.Debug|Any CPU.Build.0 = Debug|Any CPU
		{0B4C6D14-F954-4E75-90D3-93AA6C296155}.Debug|x64.ActiveCfg = Debug|Any CPU
		{0B4C6D14-F954-4E75-90D3-93AA6C296155}.Debug|x64.Build.0 = Debug|Any CPU
		{0B4C6D14-F954-4E75-90D3-93AA6C296155}.Debug|x86.ActiveCfg = Debug|Any CPU
		{0B4C6D14-F954-4E75-90D3-93AA6C296155}.Debug|x86.Build.0 = Debug|Any CPU
		{0B4C6D14-F954-4E75-90D3-93AA6C296155}.Release|Any CPU.ActiveCfg = Release|Any CPU
		{0B4C6D14-F954-4E75-90D3-93AA6C296155}.Release|Any CPU.Build.0 = Release|Any CPU
		{0B4C6D14-F954-4E75-90D3-93AA6C296155}.Release|x64.ActiveCfg = Release|Any CPU
		{0B4C6D14-F954-4E75-90D3-93AA6C296155}.Release|x64.Build.0 = Release|Any CPU
		{0B4C6D14-F954-4E75-90D3-93AA6C296155}.Release|x86.ActiveCfg = Release|Any CPU
		{0B4C6D14-F954-4E75-90D3-93AA6C296155}.Release|x86.Build.0 = Release|Any CPU
		{764DC691-4B4F-413D-A752-1D81656D5A04}.Debug|Any CPU.ActiveCfg = Debug|Any CPU
		{764DC691-4B4F-413D-A752-1D81656D5A04}.Debug|Any CPU.Build.0 = Debug|Any CPU
		{764DC691-4B4F-413D-A752-1D81656D5A04}.Debug|x64.ActiveCfg = Debug|Any CPU
		{764DC691-4B4F-413D-A752-1D81656D5A04}.Debug|x64.Build.0 = Debug|Any CPU
		{764DC691-4B4F-413D-A752-1D81656D5A04}.Debug|x86.ActiveCfg = Debug|Any CPU
		{764DC691-4B4F-413D-A752-1D81656D5A04}.Debug|x86.Build.0 = Debug|Any CPU
		{764DC691-4B4F-413D-A752-1D81656D5A04}.Release|Any CPU.ActiveCfg = Release|Any CPU
		{764DC691-4B4F-413D-A752-1D81656D5A04}.Release|Any CPU.Build.0 = Release|Any CPU
		{764DC691-4B4F-413D-A752-1D81656D5A04}.Release|x64.ActiveCfg = Release|Any CPU
		{764DC691-4B4F-413D-A752-1D81656D5A04}.Release|x64.Build.0 = Release|Any CPU
		{764DC691-4B4F-413D-A752-1D81656D5A04}.Release|x86.ActiveCfg = Release|Any CPU
		{764DC691-4B4F-413D-A752-1D81656D5A04}.Release|x86.Build.0 = Release|Any CPU
		{650760F6-C6CD-4B8C-81EC-DFCE11BF5F32}.Debug|Any CPU.ActiveCfg = Debug|Any CPU
		{650760F6-C6CD-4B8C-81EC-DFCE11BF5F32}.Debug|Any CPU.Build.0 = Debug|Any CPU
		{650760F6-C6CD-4B8C-81EC-DFCE11BF5F32}.Debug|x64.ActiveCfg = Debug|Any CPU
		{650760F6-C6CD-4B8C-81EC-DFCE11BF5F32}.Debug|x64.Build.0 = Debug|Any CPU
		{650760F6-C6CD-4B8C-81EC-DFCE11BF5F32}.Debug|x86.ActiveCfg = Debug|Any CPU
		{650760F6-C6CD-4B8C-81EC-DFCE11BF5F32}.Debug|x86.Build.0 = Debug|Any CPU
		{650760F6-C6CD-4B8C-81EC-DFCE11BF5F32}.Release|Any CPU.ActiveCfg = Release|Any CPU
		{650760F6-C6CD-4B8C-81EC-DFCE11BF5F32}.Release|Any CPU.Build.0 = Release|Any CPU
		{650760F6-C6CD-4B8C-81EC-DFCE11BF5F32}.Release|x64.ActiveCfg = Release|Any CPU
		{650760F6-C6CD-4B8C-81EC-DFCE11BF5F32}.Release|x64.Build.0 = Release|Any CPU
		{650760F6-C6CD-4B8C-81EC-DFCE11BF5F32}.Release|x86.ActiveCfg = Release|Any CPU
		{650760F6-C6CD-4B8C-81EC-DFCE11BF5F32}.Release|x86.Build.0 = Release|Any CPU
		{9B892694-C9A0-471A-B07F-15E96F5A7929}.Debug|Any CPU.ActiveCfg = Debug|Any CPU
		{9B892694-C9A0-471A-B07F-15E96F5A7929}.Debug|Any CPU.Build.0 = Debug|Any CPU
		{9B892694-C9A0-471A-B07F-15E96F5A7929}.Debug|x64.ActiveCfg = Debug|Any CPU
		{9B892694-C9A0-471A-B07F-15E96F5A7929}.Debug|x64.Build.0 = Debug|Any CPU
		{9B892694-C9A0-471A-B07F-15E96F5A7929}.Debug|x86.ActiveCfg = Debug|Any CPU
		{9B892694-C9A0-471A-B07F-15E96F5A7929}.Debug|x86.Build.0 = Debug|Any CPU
		{9B892694-C9A0-471A-B07F-15E96F5A7929}.Release|Any CPU.ActiveCfg = Release|Any CPU
		{9B892694-C9A0-471A-B07F-15E96F5A7929}.Release|Any CPU.Build.0 = Release|Any CPU
		{9B892694-C9A0-471A-B07F-15E96F5A7929}.Release|x64.ActiveCfg = Release|Any CPU
		{9B892694-C9A0-471A-B07F-15E96F5A7929}.Release|x64.Build.0 = Release|Any CPU
		{9B892694-C9A0-471A-B07F-15E96F5A7929}.Release|x86.ActiveCfg = Release|Any CPU
		{9B892694-C9A0-471A-B07F-15E96F5A7929}.Release|x86.Build.0 = Release|Any CPU
		{3C910A8C-2D33-42AA-8894-9D5989C33C38}.Debug|Any CPU.ActiveCfg = Debug|Any CPU
		{3C910A8C-2D33-42AA-8894-9D5989C33C38}.Debug|Any CPU.Build.0 = Debug|Any CPU
		{3C910A8C-2D33-42AA-8894-9D5989C33C38}.Debug|x64.ActiveCfg = Debug|Any CPU
		{3C910A8C-2D33-42AA-8894-9D5989C33C38}.Debug|x64.Build.0 = Debug|Any CPU
		{3C910A8C-2D33-42AA-8894-9D5989C33C38}.Debug|x86.ActiveCfg = Debug|Any CPU
		{3C910A8C-2D33-42AA-8894-9D5989C33C38}.Debug|x86.Build.0 = Debug|Any CPU
		{3C910A8C-2D33-42AA-8894-9D5989C33C38}.Release|Any CPU.ActiveCfg = Release|Any CPU
		{3C910A8C-2D33-42AA-8894-9D5989C33C38}.Release|Any CPU.Build.0 = Release|Any CPU
		{3C910A8C-2D33-42AA-8894-9D5989C33C38}.Release|x64.ActiveCfg = Release|Any CPU
		{3C910A8C-2D33-42AA-8894-9D5989C33C38}.Release|x64.Build.0 = Release|Any CPU
		{3C910A8C-2D33-42AA-8894-9D5989C33C38}.Release|x86.ActiveCfg = Release|Any CPU
		{3C910A8C-2D33-42AA-8894-9D5989C33C38}.Release|x86.Build.0 = Release|Any CPU
		{31C071C9-84F7-4883-A2CF-808B09C91DDE}.Debug|Any CPU.ActiveCfg = Debug|Any CPU
		{31C071C9-84F7-4883-A2CF-808B09C91DDE}.Debug|Any CPU.Build.0 = Debug|Any CPU
		{31C071C9-84F7-4883-A2CF-808B09C91DDE}.Debug|x64.ActiveCfg = Debug|Any CPU
		{31C071C9-84F7-4883-A2CF-808B09C91DDE}.Debug|x64.Build.0 = Debug|Any CPU
		{31C071C9-84F7-4883-A2CF-808B09C91DDE}.Debug|x86.ActiveCfg = Debug|Any CPU
		{31C071C9-84F7-4883-A2CF-808B09C91DDE}.Debug|x86.Build.0 = Debug|Any CPU
		{31C071C9-84F7-4883-A2CF-808B09C91DDE}.Release|Any CPU.ActiveCfg = Release|Any CPU
		{31C071C9-84F7-4883-A2CF-808B09C91DDE}.Release|Any CPU.Build.0 = Release|Any CPU
		{31C071C9-84F7-4883-A2CF-808B09C91DDE}.Release|x64.ActiveCfg = Release|Any CPU
		{31C071C9-84F7-4883-A2CF-808B09C91DDE}.Release|x64.Build.0 = Release|Any CPU
		{31C071C9-84F7-4883-A2CF-808B09C91DDE}.Release|x86.ActiveCfg = Release|Any CPU
		{31C071C9-84F7-4883-A2CF-808B09C91DDE}.Release|x86.Build.0 = Release|Any CPU
		{AEDAF585-37D4-4938-93B3-6899FB122BB7}.Debug|Any CPU.ActiveCfg = Debug|Any CPU
		{AEDAF585-37D4-4938-93B3-6899FB122BB7}.Debug|Any CPU.Build.0 = Debug|Any CPU
		{AEDAF585-37D4-4938-93B3-6899FB122BB7}.Debug|x64.ActiveCfg = Debug|Any CPU
		{AEDAF585-37D4-4938-93B3-6899FB122BB7}.Debug|x64.Build.0 = Debug|Any CPU
		{AEDAF585-37D4-4938-93B3-6899FB122BB7}.Debug|x86.ActiveCfg = Debug|Any CPU
		{AEDAF585-37D4-4938-93B3-6899FB122BB7}.Debug|x86.Build.0 = Debug|Any CPU
		{AEDAF585-37D4-4938-93B3-6899FB122BB7}.Release|Any CPU.ActiveCfg = Release|Any CPU
		{AEDAF585-37D4-4938-93B3-6899FB122BB7}.Release|Any CPU.Build.0 = Release|Any CPU
		{AEDAF585-37D4-4938-93B3-6899FB122BB7}.Release|x64.ActiveCfg = Release|Any CPU
		{AEDAF585-37D4-4938-93B3-6899FB122BB7}.Release|x64.Build.0 = Release|Any CPU
		{AEDAF585-37D4-4938-93B3-6899FB122BB7}.Release|x86.ActiveCfg = Release|Any CPU
		{AEDAF585-37D4-4938-93B3-6899FB122BB7}.Release|x86.Build.0 = Release|Any CPU
		{A5FA0E07-3D5F-4698-B01B-8B4871046A77}.Debug|Any CPU.ActiveCfg = Debug|Win32
		{A5FA0E07-3D5F-4698-B01B-8B4871046A77}.Debug|x64.ActiveCfg = Debug|x64
		{A5FA0E07-3D5F-4698-B01B-8B4871046A77}.Debug|x64.Build.0 = Debug|x64
		{A5FA0E07-3D5F-4698-B01B-8B4871046A77}.Debug|x86.ActiveCfg = Debug|Win32
		{A5FA0E07-3D5F-4698-B01B-8B4871046A77}.Debug|x86.Build.0 = Debug|Win32
		{A5FA0E07-3D5F-4698-B01B-8B4871046A77}.Release|Any CPU.ActiveCfg = Release|Win32
		{A5FA0E07-3D5F-4698-B01B-8B4871046A77}.Release|x64.ActiveCfg = Release|x64
		{A5FA0E07-3D5F-4698-B01B-8B4871046A77}.Release|x64.Build.0 = Release|x64
		{A5FA0E07-3D5F-4698-B01B-8B4871046A77}.Release|x86.ActiveCfg = Release|Win32
		{A5FA0E07-3D5F-4698-B01B-8B4871046A77}.Release|x86.Build.0 = Release|Win32
	EndGlobalSection
	GlobalSection(SolutionProperties) = preSolution
		HideSolutionNode = FALSE
	EndGlobalSection
	GlobalSection(ExtensibilityGlobals) = postSolution
		SolutionGuid = {9C30AAE1-D4DF-431D-8A1C-387728983136}
	EndGlobalSection
EndGlobal
